
Microsoft Visual Studio Solution File, Format Version 12.00
# Visual Studio Version 16
VisualStudioVersion = 16.0.30225.117
MinimumVisualStudioVersion = 10.0.40219.1
Project("{FAE04EC0-301F-11D3-BF4B-00C04F79EFBC}") = "TicTacToe Online Server - UrhobA", "TicTacToe Online Server - UrhobA\TicTacToe Online Server - UrhobA.csproj", "{B6AB9074-8830-4543-80CA-15054573E07B}"
EndProject
Project("{FAE04EC0-301F-11D3-BF4B-00C04F79EFBC}") = "TicTacToe Online Client - UrhobA", "TicTacToe Online Client - UrhobA\TicTacToe Online Client - UrhobA.csproj", "{2656DAB9-ED70-46BA-9230-D2E27786DA62}"
EndProject
Global
	GlobalSection(SolutionConfigurationPlatforms) = preSolution
		Debug|Any CPU = Debug|Any CPU
		Release|Any CPU = Release|Any CPU
	EndGlobalSection
	GlobalSection(ProjectConfigurationPlatforms) = postSolution
		{B6AB9074-8830-4543-80CA-15054573E07B}.Debug|Any CPU.ActiveCfg = Debug|Any CPU
		{B6AB9074-8830-4543-80CA-15054573E07B}.Debug|Any CPU.Build.0 = Debug|Any CPU
		{B6AB9074-8830-4543-80CA-15054573E07B}.Release|Any CPU.ActiveCfg = Release|Any CPU
		{B6AB9074-8830-4543-80CA-15054573E07B}.Release|Any CPU.Build.0 = Release|Any CPU
		{2656DAB9-ED70-46BA-9230-D2E27786DA62}.Debug|Any CPU.ActiveCfg = Debug|Any CPU
		{2656DAB9-ED70-46BA-9230-D2E27786DA62}.Debug|Any CPU.Build.0 = Debug|Any CPU
		{2656DAB9-ED70-46BA-9230-D2E27786DA62}.Release|Any CPU.ActiveCfg = Release|Any CPU
		{2656DAB9-ED70-46BA-9230-D2E27786DA62}.Release|Any CPU.Build.0 = Release|Any CPU
	EndGlobalSection
	GlobalSection(SolutionProperties) = preSolution
		HideSolutionNode = FALSE
	EndGlobalSection
	GlobalSection(ExtensibilityGlobals) = postSolution
		SolutionGuid = {7704CAC9-EBDB-4AF1-A584-B485E03BFAA6}
	EndGlobalSection
EndGlobal
